// !$*UTF8*$!
{
	archiveVersion = 1;
	classes = {
	};
	objectVersion = 46;
	objects = {

/* Begin PBXBuildFile section */
		85CE84311A5D03EB009F5917 /* main.m in Sources */ = {isa = PBXBuildFile; fileRef = 85CE84301A5D03EB009F5917 /* main.m */; };
		85CE84341A5D03EB009F5917 /* AppDelegate.m in Sources */ = {isa = PBXBuildFile; fileRef = 85CE84331A5D03EB009F5917 /* AppDelegate.m */; };
		85CE84371A5D03EB009F5917 /* SampleTest.xcdatamodeld in Sources */ = {isa = PBXBuildFile; fileRef = 85CE84351A5D03EB009F5917 /* SampleTest.xcdatamodeld */; };
		85CE843A1A5D03EB009F5917 /* ViewController.m in Sources */ = {isa = PBXBuildFile; fileRef = 85CE84391A5D03EB009F5917 /* ViewController.m */; };
		85CE843D1A5D03EB009F5917 /* Main.storyboard in Resources */ = {isa = PBXBuildFile; fileRef = 85CE843B1A5D03EB009F5917 /* Main.storyboard */; };
		85CE843F1A5D03EB009F5917 /* Images.xcassets in Resources */ = {isa = PBXBuildFile; fileRef = 85CE843E1A5D03EB009F5917 /* Images.xcassets */; };
		85CE84421A5D03EB009F5917 /* LaunchScreen.xib in Resources */ = {isa = PBXBuildFile; fileRef = 85CE84401A5D03EB009F5917 /* LaunchScreen.xib */; };
		85CE844E1A5D03EB009F5917 /* SampleTestTests.m in Sources */ = {isa = PBXBuildFile; fileRef = 85CE844D1A5D03EB009F5917 /* SampleTestTests.m */; };
		85CE845C1A5D0868009F5917 /* CustomView.m in Sources */ = {isa = PBXBuildFile; fileRef = 85CE845B1A5D0868009F5917 /* CustomView.m */; };
		85CE845E1A5D0887009F5917 /* CustomView.xib in Resources */ = {isa = PBXBuildFile; fileRef = 85CE845D1A5D0887009F5917 /* CustomView.xib */; };
		85D36BBA1A5FE886000C8101 /* SecondViewController.m in Sources */ = {isa = PBXBuildFile; fileRef = 85D36BB91A5FE886000C8101 /* SecondViewController.m */; };
/* End PBXBuildFile section */

/* Begin PBXContainerItemProxy section */
		85CE84481A5D03EB009F5917 /* PBXContainerItemProxy */ = {
			isa = PBXContainerItemProxy;
			containerPortal = 85CE84231A5D03EB009F5917 /* Project object */;
			proxyType = 1;
			remoteGlobalIDString = 85CE842A1A5D03EB009F5917;
			remoteInfo = SampleTest;
		};
/* End PBXContainerItemProxy section */

/* Begin PBXFileReference section */
		85CE842B1A5D03EB009F5917 /* SampleTest.app */ = {isa = PBXFileReference; explicitFileType = wrapper.application; includeInIndex = 0; path = SampleTest.app; sourceTree = BUILT_PRODUCTS_DIR; };
		85CE842F1A5D03EB009F5917 /* Info.plist */ = {isa = PBXFileReference; lastKnownFileType = text.plist.xml; path = Info.plist; sourceTree = "<group>"; };
		85CE84301A5D03EB009F5917 /* main.m */ = {isa = PBXFileReference; lastKnownFileType = sourcecode.c.objc; path = main.m; sourceTree = "<group>"; };
		85CE84321A5D03EB009F5917 /* AppDelegate.h */ = {isa = PBXFileReference; lastKnownFileType = sourcecode.c.h; path = AppDelegate.h; sourceTree = "<group>"; };
		85CE84331A5D03EB009F5917 /* AppDelegate.m */ = {isa = PBXFileReference; lastKnownFileType = sourcecode.c.objc; path = AppDelegate.m; sourceTree = "<group>"; };
		85CE84361A5D03EB009F5917 /* SampleTest.xcdatamodel */ = {isa = PBXFileReference; lastKnownFileType = wrapper.xcdatamodel; path = SampleTest.xcdatamodel; sourceTree = "<group>"; };
		85CE84381A5D03EB009F5917 /* ViewController.h */ = {isa = PBXFileReference; lastKnownFileType = sourcecode.c.h; path = ViewController.h; sourceTree = "<group>"; };
		85CE84391A5D03EB009F5917 /* ViewController.m */ = {isa = PBXFileReference; lastKnownFileType = sourcecode.c.objc; path = ViewController.m; sourceTree = "<group>"; };
		85CE843C1A5D03EB009F5917 /* Base */ = {isa = PBXFileReference; lastKnownFileType = file.storyboard; name = Base; path = Base.lproj/Main.storyboard; sourceTree = "<group>"; };
		85CE843E1A5D03EB009F5917 /* Images.xcassets */ = {isa = PBXFileReference; lastKnownFileType = folder.assetcatalog; path = Images.xcassets; sourceTree = "<group>"; };
		85CE84411A5D03EB009F5917 /* Base */ = {isa = PBXFileReference; lastKnownFileType = file.xib; name = Base; path = Base.lproj/LaunchScreen.xib; sourceTree = "<group>"; };
		85CE84471A5D03EB009F5917 /* SampleTestTests.xctest */ = {isa = PBXFileReference; explicitFileType = wrapper.cfbundle; includeInIndex = 0; path = SampleTestTests.xctest; sourceTree = BUILT_PRODUCTS_DIR; };
		85CE844C1A5D03EB009F5917 /* Info.plist */ = {isa = PBXFileReference; lastKnownFileType = text.plist.xml; path = Info.plist; sourceTree = "<group>"; };
		85CE844D1A5D03EB009F5917 /* SampleTestTests.m */ = {isa = PBXFileReference; lastKnownFileType = sourcecode.c.objc; path = SampleTestTests.m; sourceTree = "<group>"; };
		85CE845A1A5D0868009F5917 /* CustomView.h */ = {isa = PBXFileReference; fileEncoding = 4; lastKnownFileType = sourcecode.c.h; path = CustomView.h; sourceTree = "<group>"; };
		85CE845B1A5D0868009F5917 /* CustomView.m */ = {isa = PBXFileReference; fileEncoding = 4; lastKnownFileType = sourcecode.c.objc; path = CustomView.m; sourceTree = "<group>"; };
		85CE845D1A5D0887009F5917 /* CustomView.xib */ = {isa = PBXFileReference; fileEncoding = 4; lastKnownFileType = file.xib; path = CustomView.xib; sourceTree = "<group>"; };
		85D36BB81A5FE886000C8101 /* SecondViewController.h */ = {isa = PBXFileReference; fileEncoding = 4; lastKnownFileType = sourcecode.c.h; path = SecondViewController.h; sourceTree = "<group>"; };
		85D36BB91A5FE886000C8101 /* SecondViewController.m */ = {isa = PBXFileReference; fileEncoding = 4; lastKnownFileType = sourcecode.c.objc; path = SecondViewController.m; sourceTree = "<group>"; };
/* End PBXFileReference section */

/* Begin PBXFrameworksBuildPhase section */
		85CE84281A5D03EB009F5917 /* Frameworks */ = {
			isa = PBXFrameworksBuildPhase;
			buildActionMask = 2147483647;
			files = (
			);
			runOnlyForDeploymentPostprocessing = 0;
		};
		85CE84441A5D03EB009F5917 /* Frameworks */ = {
			isa = PBXFrameworksBuildPhase;
			buildActionMask = 2147483647;
			files = (
			);
			runOnlyForDeploymentPostprocessing = 0;
		};
/* End PBXFrameworksBuildPhase section */

/* Begin PBXGroup section */
		85CE84221A5D03EB009F5917 = {
			isa = PBXGroup;
			children = (
				85D36BB81A5FE886000C8101 /* SecondViewController.h */,
				85D36BB91A5FE886000C8101 /* SecondViewController.m */,
				85CE842D1A5D03EB009F5917 /* SampleTest */,
				85CE844A1A5D03EB009F5917 /* SampleTestTests */,
				85CE842C1A5D03EB009F5917 /* Products */,
			);
			sourceTree = "<group>";
		};
		85CE842C1A5D03EB009F5917 /* Products */ = {
			isa = PBXGroup;
			children = (
				85CE842B1A5D03EB009F5917 /* SampleTest.app */,
				85CE84471A5D03EB009F5917 /* SampleTestTests.xctest */,
			);
			name = Products;
			sourceTree = "<group>";
		};
		85CE842D1A5D03EB009F5917 /* SampleTest */ = {
			isa = PBXGroup;
			children = (
				85CE84321A5D03EB009F5917 /* AppDelegate.h */,
				85CE84331A5D03EB009F5917 /* AppDelegate.m */,
				85CE84381A5D03EB009F5917 /* ViewController.h */,
				85CE84391A5D03EB009F5917 /* ViewController.m */,
				85CE843B1A5D03EB009F5917 /* Main.storyboard */,
				85CE843E1A5D03EB009F5917 /* Images.xcassets */,
				85CE84401A5D03EB009F5917 /* LaunchScreen.xib */,
				85CE84351A5D03EB009F5917 /* SampleTest.xcdatamodeld */,
				85CE842E1A5D03EB009F5917 /* Supporting Files */,
				85CE845A1A5D0868009F5917 /* CustomView.h */,
				85CE845B1A5D0868009F5917 /* CustomView.m */,
				85CE845D1A5D0887009F5917 /* CustomView.xib */,
			);
			path = SampleTest;
			sourceTree = "<group>";
		};
		85CE842E1A5D03EB009F5917 /* Supporting Files */ = {
			isa = PBXGroup;
			children = (
				85CE842F1A5D03EB009F5917 /* Info.plist */,
				85CE84301A5D03EB009F5917 /* main.m */,
			);
			name = "Supporting Files";
			sourceTree = "<group>";
		};
		85CE844A1A5D03EB009F5917 /* SampleTestTests */ = {
			isa = PBXGroup;
			children = (
				85CE844D1A5D03EB009F5917 /* SampleTestTests.m */,
				85CE844B1A5D03EB009F5917 /* Supporting Files */,
			);
			path = SampleTestTests;
			sourceTree = "<group>";
		};
		85CE844B1A5D03EB009F5917 /* Supporting Files */ = {
			isa = PBXGroup;
			children = (
				85CE844C1A5D03EB009F5917 /* Info.plist */,
			);
			name = "Supporting Files";
			sourceTree = "<group>";
		};
/* End PBXGroup section */

/* Begin PBXNativeTarget section */
		85CE842A1A5D03EB009F5917 /* SampleTest */ = {
			isa = PBXNativeTarget;
			buildConfigurationList = 85CE84511A5D03EB009F5917 /* Build configuration list for PBXNativeTarget "SampleTest" */;
			buildPhases = (
				85CE84271A5D03EB009F5917 /* Sources */,
				85CE84281A5D03EB009F5917 /* Frameworks */,
				85CE84291A5D03EB009F5917 /* Resources */,
			);
			buildRules = (
			);
			dependencies = (
			);
			name = SampleTest;
			productName = SampleTest;
			productReference = 85CE842B1A5D03EB009F5917 /* SampleTest.app */;
			productType = "com.apple.product-type.application";
		};
		85CE84461A5D03EB009F5917 /* SampleTestTests */ = {
			isa = PBXNativeTarget;
			buildConfigurationList = 85CE84541A5D03EB009F5917 /* Build configuration list for PBXNativeTarget "SampleTestTests" */;
			buildPhases = (
				85CE84431A5D03EB009F5917 /* Sources */,
				85CE84441A5D03EB009F5917 /* Frameworks */,
				85CE84451A5D03EB009F5917 /* Resources */,
			);
			buildRules = (
			);
			dependencies = (
				85CE84491A5D03EB009F5917 /* PBXTargetDependency */,
			);
			name = SampleTestTests;
			productName = SampleTestTests;
			productReference = 85CE84471A5D03EB009F5917 /* SampleTestTests.xctest */;
			productType = "com.apple.product-type.bundle.unit-test";
		};
/* End PBXNativeTarget section */

/* Begin PBXProject section */
		85CE84231A5D03EB009F5917 /* Project object */ = {
			isa = PBXProject;
			attributes = {
				LastUpgradeCheck = 0620;
				ORGANIZATIONNAME = prokarma;
				TargetAttributes = {
					85CE842A1A5D03EB009F5917 = {
						CreatedOnToolsVersion = 6.2;
					};
					85CE84461A5D03EB009F5917 = {
						CreatedOnToolsVersion = 6.2;
						TestTargetID = 85CE842A1A5D03EB009F5917;
					};
				};
			};
			buildConfigurationList = 85CE84261A5D03EB009F5917 /* Build configuration list for PBXProject "SampleTest" */;
			compatibilityVersion = "Xcode 3.2";
			developmentRegion = English;
			hasScannedForEncodings = 0;
			knownRegions = (
				en,
				Base,
			);
			mainGroup = 85CE84221A5D03EB009F5917;
			productRefGroup = 85CE842C1A5D03EB009F5917 /* Products */;
			projectDirPath = "";
			projectRoot = "";
			targets = (
				85CE842A1A5D03EB009F5917 /* SampleTest */,
				85CE84461A5D03EB009F5917 /* SampleTestTests */,
			);
		};
/* End PBXProject section */

/* Begin PBXResourcesBuildPhase section */
		85CE84291A5D03EB009F5917 /* Resources */ = {
			isa = PBXResourcesBuildPhase;
			buildActionMask = 2147483647;
			files = (
				85CE843D1A5D03EB009F5917 /* Main.storyboard in Resources */,
				85CE845E1A5D0887009F5917 /* CustomView.xib in Resources */,
				85CE84421A5D03EB009F5917 /* LaunchScreen.xib in Resources */,
				85CE843F1A5D03EB009F5917 /* Images.xcassets in Resources */,
			);
			runOnlyForDeploymentPostprocessing = 0;
		};
		85CE84451A5D03EB009F5917 /* Resources */ = {
			isa = PBXResourcesBuildPhase;
			buildActionMask = 2147483647;
			files = (
			);
			runOnlyForDeploymentPostprocessing = 0;
		};
/* End PBXResourcesBuildPhase section */

/* Begin PBXSourcesBuildPhase section */
		85CE84271A5D03EB009F5917 /* Sources */ = {
			isa = PBXSourcesBuildPhase;
			buildActionMask = 2147483647;
			files = (
				85D36BBA1A5FE886000C8101 /* SecondViewController.m in Sources */,
				85CE845C1A5D0868009F5917 /* CustomView.m in Sources */,
				85CE84371A5D03EB009F5917 /* SampleTest.xcdatamodeld in Sources */,
				85CE84341A5D03EB009F5917 /* AppDelegate.m in Sources */,
				85CE843A1A5D03EB009F5917 /* ViewController.m in Sources */,
				85CE84311A5D03EB009F5917 /* main.m in Sources */,
			);
			runOnlyForDeploymentPostprocessing = 0;
		};
		85CE84431A5D03EB009F5917 /* Sources */ = {
			isa = PBXSourcesBuildPhase;
			buildActionMask = 2147483647;
			files = (
				85CE844E1A5D03EB009F5917 /* SampleTestTests.m in Sources */,
			);
			runOnlyForDeploymentPostprocessing = 0;
		};
/* End PBXSourcesBuildPhase section */

/* Begin PBXTargetDependency section */
		85CE84491A5D03EB009F5917 /* PBXTargetDependency */ = {
			isa = PBXTargetDependency;
			target = 85CE842A1A5D03EB009F5917 /* SampleTest */;
			targetProxy = 85CE84481A5D03EB009F5917 /* PBXContainerItemProxy */;
		};
/* End PBXTargetDependency section */

/* Begin PBXVariantGroup section */
		85CE843B1A5D03EB009F5917 /* Main.storyboard */ = {
			isa = PBXVariantGroup;
			children = (
				85CE843C1A5D03EB009F5917 /* Base */,
			);
			name = Main.storyboard;
			sourceTree = "<group>";
		};
		85CE84401A5D03EB009F5917 /* LaunchScreen.xib */ = {
			isa = PBXVariantGroup;
			children = (
				85CE84411A5D03EB009F5917 /* Base */,
			);
			name = LaunchScreen.xib;
			sourceTree = "<group>";
		};
/* End PBXVariantGroup section */

/* Begin XCBuildConfiguration section */
		85CE844F1A5D03EB009F5917 /* Debug */ = {
			isa = XCBuildConfiguration;
			buildSettings = {
				ALWAYS_SEARCH_USER_PATHS = NO;
				CLANG_CXX_LANGUAGE_STANDARD = "gnu++0x";
				CLANG_CXX_LIBRARY = "libc++";
				CLANG_ENABLE_MODULES = YES;
				CLANG_ENABLE_OBJC_ARC = YES;
				CLANG_WARN_BOOL_CONVERSION = YES;
				CLANG_WARN_CONSTANT_CONVERSION = YES;
				CLANG_WARN_DIRECT_OBJC_ISA_USAGE = YES_ERROR;
				CLANG_WARN_EMPTY_BODY = YES;
				CLANG_WARN_ENUM_CONVERSION = YES;
				CLANG_WARN_INT_CONVERSION = YES;
				CLANG_WARN_OBJC_ROOT_CLASS = YES_ERROR;
				CLANG_WARN_UNREACHABLE_CODE = YES;
				CLANG_WARN__DUPLICATE_METHOD_MATCH = YES;
				"CODE_SIGN_IDENTITY[sdk=iphoneos*]" = "iPhone Developer";
				COPY_PHASE_STRIP = NO;
				ENABLE_STRICT_OBJC_MSGSEND = YES;
				GCC_C_LANGUAGE_STANDARD = gnu99;
				GCC_DYNAMIC_NO_PIC = NO;
				GCC_OPTIMIZATION_LEVEL = 0;
				GCC_PREPROCESSOR_DEFINITIONS = (
					"DEBUG=1",
					"$(inherited)",
				);
				GCC_SYMBOLS_PRIVATE_EXTERN = NO;
				GCC_WARN_64_TO_32_BIT_CONVERSION = YES;
				GCC_WARN_ABOUT_RETURN_TYPE = YES_ERROR;
				GCC_WARN_UNDECLARED_SELECTOR = YES;
				GCC_WARN_UNINITIALIZED_AUTOS = YES_AGGRESSIVE;
				GCC_WARN_UNUSED_FUNCTION = YES;
				GCC_WARN_UNUSED_VARIABLE = YES;
				IPHONEOS_DEPLOYMENT_TARGET = 8.2;
				MTL_ENABLE_DEBUG_INFO = YES;
				ONLY_ACTIVE_ARCH = YES;
				SDKROOT = iphoneos;
			};
			name = Debug;
		};
		85CE84501A5D03EB009F5917 /* Release */ = {
			isa = XCBuildConfiguration;
			buildSettings = {
				ALWAYS_SEARCH_USER_PATHS = NO;
				CLANG_CXX_LANGUAGE_STANDARD = "gnu++0x";
				CLANG_CXX_LIBRARY = "libc++";
				CLANG_ENABLE_MODULES = YES;
				CLANG_ENABLE_OBJC_ARC = YES;
				CLANG_WARN_BOOL_CONVERSION = YES;
				CLANG_WARN_CONSTANT_CONVERSION = YES;
				CLANG_WARN_DIRECT_OBJC_ISA_USAGE = YES_ERROR;
				CLANG_WARN_EMPTY_BODY = YES;
				CLANG_WARN_ENUM_CONVERSION = YES;
				CLANG_WARN_INT_CONVERSION = YES;
				CLANG_WARN_OBJC_ROOT_CLASS = YES_ERROR;
				CLANG_WARN_UNREACHABLE_CODE = YES;
				CLANG_WARN__DUPLICATE_METHOD_MATCH = YES;
				"CODE_SIGN_IDENTITY[sdk=iphoneos*]" = "iPhone Developer";
				COPY_PHASE_STRIP = YES;
				ENABLE_NS_ASSERTIONS = NO;
				ENABLE_STRICT_OBJC_MSGSEND = YES;
				GCC_C_LANGUAGE_STANDARD = gnu99;
				GCC_WARN_64_TO_32_BIT_CONVERSION = YES;
				GCC_WARN_ABOUT_RETURN_TYPE = YES_ERROR;
				GCC_WARN_UNDECLARED_SELECTOR = YES;
				GCC_WARN_UNINITIALIZED_AUTOS = YES_AGGRESSIVE;
				GCC_WARN_UNUSED_FUNCTION = YES;
				GCC_WARN_UNUSED_VARIABLE = YES;
				IPHONEOS_DEPLOYMENT_TARGET = 8.2;
				MTL_ENABLE_DEBUG_INFO = NO;
				SDKROOT = iphoneos;
				VALIDATE_PRODUCT = YES;
			};
			name = Release;
		};
		85CE84521A5D03EB009F5917 /* Debug */ = {
			isa = XCBuildConfiguration;
			buildSettings = {
				ASSETCATALOG_COMPILER_APPICON_NAME = AppIcon;
				INFOPLIST_FILE = SampleTest/Info.plist;
				LD_RUNPATH_SEARCH_PATHS = "$(inherited) @executable_path/Frameworks";
				PRODUCT_NAME = "$(TARGET_NAME)";
			};
			name = Debug;
		};
		85CE84531A5D03EB009F5917 /* Release */ = {
			isa = XCBuildConfiguration;
			buildSettings = {
				ASSETCATALOG_COMPILER_APPICON_NAME = AppIcon;
				INFOPLIST_FILE = SampleTest/Info.plist;
				LD_RUNPATH_SEARCH_PATHS = "$(inherited) @executable_path/Frameworks";
				PRODUCT_NAME = "$(TARGET_NAME)";
			};
			name = Release;
		};
		85CE84551A5D03EB009F5917 /* Debug */ = {
			isa = XCBuildConfiguration;
			buildSettings = {
				BUNDLE_LOADER = "$(TEST_HOST)";
				FRAMEWORK_SEARCH_PATHS = (
					"$(SDKROOT)/Developer/Library/Frameworks",
					"$(inherited)",
				);
				GCC_PREPROCESSOR_DEFINITIONS = (
					"DEBUG=1",
					"$(inherited)",
				);
				INFOPLIST_FILE = SampleTestTests/Info.plist;
				LD_RUNPATH_SEARCH_PATHS = "$(inherited) @executable_path/Frameworks @loader_path/Frameworks";
				PRODUCT_NAME = "$(TARGET_NAME)";
				TEST_HOST = "$(BUILT_PRODUCTS_DIR)/SampleTest.app/SampleTest";
			};
			name = Debug;
		};
		85CE84561A5D03EB009F5917 /* Release */ = {
			isa = XCBuildConfiguration;
			buildSettings = {
				BUNDLE_LOADER = "$(TEST_HOST)";
				FRAMEWORK_SEARCH_PATHS = (
					"$(SDKROOT)/Developer/Library/Frameworks",
					"$(inherited)",
				);
				INFOPLIST_FILE = SampleTestTests/Info.plist;
				LD_RUNPATH_SEARCH_PATHS = "$(inherited) @executable_path/Frameworks @loader_path/Frameworks";
				PRODUCT_NAME = "$(TARGET_NAME)";
				TEST_HOST = "$(BUILT_PRODUCTS_DIR)/SampleTest.app/SampleTest";
			};
			name = Release;
		};
/* End XCBuildConfiguration section */

/* Begin XCConfigurationList section */
		85CE84261A5D03EB009F5917 /* Build configuration list for PBXProject "SampleTest" */ = {
			isa = XCConfigurationList;
			buildConfigurations = (
				85CE844F1A5D03EB009F5917 /* Debug */,
				85CE84501A5D03EB009F5917 /* Release */,
			);
			defaultConfigurationIsVisible = 0;
			defaultConfigurationName = Release;
		};
		85CE84511A5D03EB009F5917 /* Build configuration list for PBXNativeTarget "SampleTest" */ = {
			isa = XCConfigurationList;
			buildConfigurations = (
				85CE84521A5D03EB009F5917 /* Debug */,
				85CE84531A5D03EB009F5917 /* Release */,
			);
			defaultConfigurationIsVisible = 0;
			defaultConfigurationName = Release;
		};
		85CE84541A5D03EB009F5917 /* Build configuration list for PBXNativeTarget "SampleTestTests" */ = {
			isa = XCConfigurationList;
			buildConfigurations = (
				85CE84551A5D03EB009F5917 /* Debug */,
				85CE84561A5D03EB009F5917 /* Release */,
			);
			defaultConfigurationIsVisible = 0;
			defaultConfigurationName = Release;
		};
/* End XCConfigurationList section */

/* Begin XCVersionGroup section */
		85CE84351A5D03EB009F5917 /* SampleTest.xcdatamodeld */ = {
			isa = XCVersionGroup;
			children = (
				85CE84361A5D03EB009F5917 /* SampleTest.xcdatamodel */,
			);
			currentVersion = 85CE84361A5D03EB009F5917 /* SampleTest.xcdatamodel */;
			path = SampleTest.xcdatamodeld;
			sourceTree = "<group>";
			versionGroupType = wrapper.xcdatamodel;
		};
/* End XCVersionGroup section */
	};
	rootObject = 85CE84231A5D03EB009F5917 /* Project object */;
}
